{
  "name": "styled-comp",
  "lockfileVersion": 3,
  "requires": true,
  "packages": {
    "": {
      "dependencies": {
        "build-react-app": "^0.6.4"
      }
    },
    "node_modules/build-react-app": {
      "version": "0.6.4",
      "resolved": "https://registry.npmjs.org/build-react-app/-/build-react-app-0.6.4.tgz",
      "integrity": "sha512-lEamn2lMPHcN24+4bYgzJssf7IXmqqRanx8NOfbdwdIguPSxdnpXzYaPTcgqJqNA73LHWguBdbp+JVOBaktLSw==",
      "bin": {
        "build-react-app": "bin/build-react-app.js"
      }
    }
  }
}
